// !$*UTF8*$!
{
	archiveVersion = 1;
	classes = {
	};
	objectVersion = 46;
	objects = {

/* Begin PBXBuildFile section */
		89A2AB861AABBEF70049ECF1 /* AppDelegate.swift in Sources */ = {isa = PBXBuildFile; fileRef = 89A2AB851AABBEF70049ECF1 /* AppDelegate.swift */; };
		89A2AB881AABBEF70049ECF1 /* ViewController.swift in Sources */ = {isa = PBXBuildFile; fileRef = 89A2AB871AABBEF70049ECF1 /* ViewController.swift */; };
		89A2AB8B1AABBEF80049ECF1 /* Main.storyboard in Resources */ = {isa = PBXBuildFile; fileRef = 89A2AB891AABBEF80049ECF1 /* Main.storyboard */; };
		89A2AB8D1AABBEF80049ECF1 /* Images.xcassets in Resources */ = {isa = PBXBuildFile; fileRef = 89A2AB8C1AABBEF80049ECF1 /* Images.xcassets */; };
		89A2AB901AABBEF80049ECF1 /* LaunchScreen.xib in Resources */ = {isa = PBXBuildFile; fileRef = 89A2AB8E1AABBEF80049ECF1 /* LaunchScreen.xib */; };
		89A2AB9C1AABBEF80049ECF1 /* patronizeTests.swift in Sources */ = {isa = PBXBuildFile; fileRef = 89A2AB9B1AABBEF80049ECF1 /* patronizeTests.swift */; };
/* End PBXBuildFile section */

/* Begin PBXContainerItemProxy section */
		89A2AB961AABBEF80049ECF1 /* PBXContainerItemProxy */ = {
			isa = PBXContainerItemProxy;
			containerPortal = 89A2AB781AABBEF70049ECF1 /* Project object */;
			proxyType = 1;
			remoteGlobalIDString = 89A2AB7F1AABBEF70049ECF1;
			remoteInfo = patronize;
		};
/* End PBXContainerItemProxy section */

/* Begin PBXFileReference section */
		89A2AB801AABBEF70049ECF1 /* patronize.app */ = {isa = PBXFileReference; explicitFileType = wrapper.application; includeInIndex = 0; path = patronize.app; sourceTree = BUILT_PRODUCTS_DIR; };
		89A2AB841AABBEF70049ECF1 /* Info.plist */ = {isa = PBXFileReference; lastKnownFileType = text.plist.xml; path = Info.plist; sourceTree = "<group>"; };
		89A2AB851AABBEF70049ECF1 /* AppDelegate.swift */ = {isa = PBXFileReference; lastKnownFileType = sourcecode.swift; path = AppDelegate.swift; sourceTree = "<group>"; };
		89A2AB871AABBEF70049ECF1 /* ViewController.swift */ = {isa = PBXFileReference; lastKnownFileType = sourcecode.swift; path = ViewController.swift; sourceTree = "<group>"; };
		89A2AB8A1AABBEF80049ECF1 /* Base */ = {isa = PBXFileReference; lastKnownFileType = file.storyboard; name = Base; path = Base.lproj/Main.storyboard; sourceTree = "<group>"; };
		89A2AB8C1AABBEF80049ECF1 /* Images.xcassets */ = {isa = PBXFileReference; lastKnownFileType = folder.assetcatalog; path = Images.xcassets; sourceTree = "<group>"; };
		89A2AB8F1AABBEF80049ECF1 /* Base */ = {isa = PBXFileReference; lastKnownFileType = file.xib; name = Base; path = Base.lproj/LaunchScreen.xib; sourceTree = "<group>"; };
		89A2AB951AABBEF80049ECF1 /* patronizeTests.xctest */ = {isa = PBXFileReference; explicitFileType = wrapper.cfbundle; includeInIndex = 0; path = patronizeTests.xctest; sourceTree = BUILT_PRODUCTS_DIR; };
		89A2AB9A1AABBEF80049ECF1 /* Info.plist */ = {isa = PBXFileReference; lastKnownFileType = text.plist.xml; path = Info.plist; sourceTree = "<group>"; };
		89A2AB9B1AABBEF80049ECF1 /* patronizeTests.swift */ = {isa = PBXFileReference; lastKnownFileType = sourcecode.swift; path = patronizeTests.swift; sourceTree = "<group>"; };
/* End PBXFileReference section */

/* Begin PBXFrameworksBuildPhase section */
		89A2AB7D1AABBEF70049ECF1 /* Frameworks */ = {
			isa = PBXFrameworksBuildPhase;
			buildActionMask = 2147483647;
			files = (
			);
			runOnlyForDeploymentPostprocessing = 0;
		};
		89A2AB921AABBEF80049ECF1 /* Frameworks */ = {
			isa = PBXFrameworksBuildPhase;
			buildActionMask = 2147483647;
			files = (
			);
			runOnlyForDeploymentPostprocessing = 0;
		};
/* End PBXFrameworksBuildPhase section */

/* Begin PBXGroup section */
		89A2AB771AABBEF70049ECF1 = {
			isa = PBXGroup;
			children = (
				89A2AB821AABBEF70049ECF1 /* patronize */,
				89A2AB981AABBEF80049ECF1 /* patronizeTests */,
				89A2AB811AABBEF70049ECF1 /* Products */,
			);
			sourceTree = "<group>";
		};
		89A2AB811AABBEF70049ECF1 /* Products */ = {
			isa = PBXGroup;
			children = (
				89A2AB801AABBEF70049ECF1 /* patronize.app */,
				89A2AB951AABBEF80049ECF1 /* patronizeTests.xctest */,
			);
			name = Products;
			sourceTree = "<group>";
		};
		89A2AB821AABBEF70049ECF1 /* patronize */ = {
			isa = PBXGroup;
			children = (
				89A2AB851AABBEF70049ECF1 /* AppDelegate.swift */,
				89A2AB871AABBEF70049ECF1 /* ViewController.swift */,
				89A2AB891AABBEF80049ECF1 /* Main.storyboard */,
				89A2AB8C1AABBEF80049ECF1 /* Images.xcassets */,
				89A2AB8E1AABBEF80049ECF1 /* LaunchScreen.xib */,
				89A2AB831AABBEF70049ECF1 /* Supporting Files */,
			);
			path = patronize;
			sourceTree = "<group>";
		};
		89A2AB831AABBEF70049ECF1 /* Supporting Files */ = {
			isa = PBXGroup;
			children = (
				89A2AB841AABBEF70049ECF1 /* Info.plist */,
			);
			name = "Supporting Files";
			sourceTree = "<group>";
		};
		89A2AB981AABBEF80049ECF1 /* patronizeTests */ = {
			isa = PBXGroup;
			children = (
				89A2AB9B1AABBEF80049ECF1 /* patronizeTests.swift */,
				89A2AB991AABBEF80049ECF1 /* Supporting Files */,
			);
			path = patronizeTests;
			sourceTree = "<group>";
		};
		89A2AB991AABBEF80049ECF1 /* Supporting Files */ = {
			isa = PBXGroup;
			children = (
				89A2AB9A1AABBEF80049ECF1 /* Info.plist */,
			);
			name = "Supporting Files";
			sourceTree = "<group>";
		};
/* End PBXGroup section */

/* Begin PBXNativeTarget section */
		89A2AB7F1AABBEF70049ECF1 /* patronize */ = {
			isa = PBXNativeTarget;
			buildConfigurationList = 89A2AB9F1AABBEF80049ECF1 /* Build configuration list for PBXNativeTarget "patronize" */;
			buildPhases = (
				89A2AB7C1AABBEF70049ECF1 /* Sources */,
				89A2AB7D1AABBEF70049ECF1 /* Frameworks */,
				89A2AB7E1AABBEF70049ECF1 /* Resources */,
			);
			buildRules = (
			);
			dependencies = (
			);
			name = patronize;
			productName = patronize;
			productReference = 89A2AB801AABBEF70049ECF1 /* patronize.app */;
			productType = "com.apple.product-type.application";
		};
		89A2AB941AABBEF80049ECF1 /* patronizeTests */ = {
			isa = PBXNativeTarget;
			buildConfigurationList = 89A2ABA21AABBEF80049ECF1 /* Build configuration list for PBXNativeTarget "patronizeTests" */;
			buildPhases = (
				89A2AB911AABBEF80049ECF1 /* Sources */,
				89A2AB921AABBEF80049ECF1 /* Frameworks */,
				89A2AB931AABBEF80049ECF1 /* Resources */,
			);
			buildRules = (
			);
			dependencies = (
				89A2AB971AABBEF80049ECF1 /* PBXTargetDependency */,
			);
			name = patronizeTests;
			productName = patronizeTests;
			productReference = 89A2AB951AABBEF80049ECF1 /* patronizeTests.xctest */;
			productType = "com.apple.product-type.bundle.unit-test";
		};
/* End PBXNativeTarget section */

/* Begin PBXProject section */
		89A2AB781AABBEF70049ECF1 /* Project object */ = {
			isa = PBXProject;
			attributes = {
				LastUpgradeCheck = 0610;
				ORGANIZATIONNAME = moltude;
				TargetAttributes = {
					89A2AB7F1AABBEF70049ECF1 = {
						CreatedOnToolsVersion = 6.1.1;
						DevelopmentTeam = 46YC49EQT2;
					};
					89A2AB941AABBEF80049ECF1 = {
						CreatedOnToolsVersion = 6.1.1;
						TestTargetID = 89A2AB7F1AABBEF70049ECF1;
					};
				};
			};
			buildConfigurationList = 89A2AB7B1AABBEF70049ECF1 /* Build configuration list for PBXProject "patronize" */;
			compatibilityVersion = "Xcode 3.2";
			developmentRegion = English;
			hasScannedForEncodings = 0;
			knownRegions = (
				en,
				Base,
			);
			mainGroup = 89A2AB771AABBEF70049ECF1;
			productRefGroup = 89A2AB811AABBEF70049ECF1 /* Products */;
			projectDirPath = "";
			projectRoot = "";
			targets = (
				89A2AB7F1AABBEF70049ECF1 /* patronize */,
				89A2AB941AABBEF80049ECF1 /* patronizeTests */,
			);
		};
/* End PBXProject section */

/* Begin PBXResourcesBuildPhase section */
		89A2AB7E1AABBEF70049ECF1 /* Resources */ = {
			isa = PBXResourcesBuildPhase;
			buildActionMask = 2147483647;
			files = (
				89A2AB8B1AABBEF80049ECF1 /* Main.storyboard in Resources */,
				89A2AB901AABBEF80049ECF1 /* LaunchScreen.xib in Resources */,
				89A2AB8D1AABBEF80049ECF1 /* Images.xcassets in Resources */,
			);
			runOnlyForDeploymentPostprocessing = 0;
		};
		89A2AB931AABBEF80049ECF1 /* Resources */ = {
			isa = PBXResourcesBuildPhase;
			buildActionMask = 2147483647;
			files = (
			);
			runOnlyForDeploymentPostprocessing = 0;
		};
/* End PBXResourcesBuildPhase section */

/* Begin PBXSourcesBuildPhase section */
		89A2AB7C1AABBEF70049ECF1 /* Sources */ = {
			isa = PBXSourcesBuildPhase;
			buildActionMask = 2147483647;
			files = (
				89A2AB881AABBEF70049ECF1 /* ViewController.swift in Sources */,
				89A2AB861AABBEF70049ECF1 /* AppDelegate.swift in Sources */,
			);
			runOnlyForDeploymentPostprocessing = 0;
		};
		89A2AB911AABBEF80049ECF1 /* Sources */ = {
			isa = PBXSourcesBuildPhase;
			buildActionMask = 2147483647;
			files = (
				89A2AB9C1AABBEF80049ECF1 /* patronizeTests.swift in Sources */,
			);
			runOnlyForDeploymentPostprocessing = 0;
		};
/* End PBXSourcesBuildPhase section */

/* Begin PBXTargetDependency section */
		89A2AB971AABBEF80049ECF1 /* PBXTargetDependency */ = {
			isa = PBXTargetDependency;
			target = 89A2AB7F1AABBEF70049ECF1 /* patronize */;
			targetProxy = 89A2AB961AABBEF80049ECF1 /* PBXContainerItemProxy */;
		};
/* End PBXTargetDependency section */

/* Begin PBXVariantGroup section */
		89A2AB891AABBEF80049ECF1 /* Main.storyboard */ = {
			isa = PBXVariantGroup;
			children = (
				89A2AB8A1AABBEF80049ECF1 /* Base */,
			);
			name = Main.storyboard;
			sourceTree = "<group>";
		};
		89A2AB8E1AABBEF80049ECF1 /* LaunchScreen.xib */ = {
			isa = PBXVariantGroup;
			children = (
				89A2AB8F1AABBEF80049ECF1 /* Base */,
			);
			name = LaunchScreen.xib;
			sourceTree = "<group>";
		};
/* End PBXVariantGroup section */

/* Begin XCBuildConfiguration section */
		89A2AB9D1AABBEF80049ECF1 /* Debug */ = {
			isa = XCBuildConfiguration;
			buildSettings = {
				ALWAYS_SEARCH_USER_PATHS = NO;
				CLANG_CXX_LANGUAGE_STANDARD = "gnu++0x";
				CLANG_CXX_LIBRARY = "libc++";
				CLANG_ENABLE_MODULES = YES;
				CLANG_ENABLE_OBJC_ARC = YES;
				CLANG_WARN_BOOL_CONVERSION = YES;
				CLANG_WARN_CONSTANT_CONVERSION = YES;
				CLANG_WARN_DIRECT_OBJC_ISA_USAGE = YES_ERROR;
				CLANG_WARN_EMPTY_BODY = YES;
				CLANG_WARN_ENUM_CONVERSION = YES;
				CLANG_WARN_INT_CONVERSION = YES;
				CLANG_WARN_OBJC_ROOT_CLASS = YES_ERROR;
				CLANG_WARN_UNREACHABLE_CODE = YES;
				CLANG_WARN__DUPLICATE_METHOD_MATCH = YES;
				"CODE_SIGN_IDENTITY[sdk=iphoneos*]" = "iPhone Developer";
				COPY_PHASE_STRIP = NO;
				ENABLE_STRICT_OBJC_MSGSEND = YES;
				GCC_C_LANGUAGE_STANDARD = gnu99;
				GCC_DYNAMIC_NO_PIC = NO;
				GCC_OPTIMIZATION_LEVEL = 0;
				GCC_PREPROCESSOR_DEFINITIONS = (
					"DEBUG=1",
					"$(inherited)",
				);
				GCC_SYMBOLS_PRIVATE_EXTERN = NO;
				GCC_WARN_64_TO_32_BIT_CONVERSION = YES;
				GCC_WARN_ABOUT_RETURN_TYPE = YES_ERROR;
				GCC_WARN_UNDECLARED_SELECTOR = YES;
				GCC_WARN_UNINITIALIZED_AUTOS = YES_AGGRESSIVE;
				GCC_WARN_UNUSED_FUNCTION = YES;
				GCC_WARN_UNUSED_VARIABLE = YES;
				IPHONEOS_DEPLOYMENT_TARGET = 8.1;
				MTL_ENABLE_DEBUG_INFO = YES;
				ONLY_ACTIVE_ARCH = YES;
				SDKROOT = iphoneos;
				SWIFT_OPTIMIZATION_LEVEL = "-Onone";
				TARGETED_DEVICE_FAMILY = "1,2";
			};
			name = Debug;
		};
		89A2AB9E1AABBEF80049ECF1 /* Release */ = {
			isa = XCBuildConfiguration;
			buildSettings = {
				ALWAYS_SEARCH_USER_PATHS = NO;
				CLANG_CXX_LANGUAGE_STANDARD = "gnu++0x";
				CLANG_CXX_LIBRARY = "libc++";
				CLANG_ENABLE_MODULES = YES;
				CLANG_ENABLE_OBJC_ARC = YES;
				CLANG_WARN_BOOL_CONVERSION = YES;
				CLANG_WARN_CONSTANT_CONVERSION = YES;
				CLANG_WARN_DIRECT_OBJC_ISA_USAGE = YES_ERROR;
				CLANG_WARN_EMPTY_BODY = YES;
				CLANG_WARN_ENUM_CONVERSION = YES;
				CLANG_WARN_INT_CONVERSION = YES;
				CLANG_WARN_OBJC_ROOT_CLASS = YES_ERROR;
				CLANG_WARN_UNREACHABLE_CODE = YES;
				CLANG_WARN__DUPLICATE_METHOD_MATCH = YES;
				"CODE_SIGN_IDENTITY[sdk=iphoneos*]" = "iPhone Developer";
				COPY_PHASE_STRIP = YES;
				ENABLE_NS_ASSERTIONS = NO;
				ENABLE_STRICT_OBJC_MSGSEND = YES;
				GCC_C_LANGUAGE_STANDARD = gnu99;
				GCC_WARN_64_TO_32_BIT_CONVERSION = YES;
				GCC_WARN_ABOUT_RETURN_TYPE = YES_ERROR;
				GCC_WARN_UNDECLARED_SELECTOR = YES;
				GCC_WARN_UNINITIALIZED_AUTOS = YES_AGGRESSIVE;
				GCC_WARN_UNUSED_FUNCTION = YES;
				GCC_WARN_UNUSED_VARIABLE = YES;
				IPHONEOS_DEPLOYMENT_TARGET = 8.1;
				MTL_ENABLE_DEBUG_INFO = NO;
				SDKROOT = iphoneos;
				TARGETED_DEVICE_FAMILY = "1,2";
				VALIDATE_PRODUCT = YES;
			};
			name = Release;
		};
		89A2ABA01AABBEF80049ECF1 /* Debug */ = {
			isa = XCBuildConfiguration;
			buildSettings = {
				ASSETCATALOG_COMPILER_APPICON_NAME = AppIcon;
				CODE_SIGN_IDENTITY = "iPhone Developer";
				"CODE_SIGN_IDENTITY[sdk=iphoneos*]" = "iPhone Developer";
				INFOPLIST_FILE = patronize/Info.plist;
				LD_RUNPATH_SEARCH_PATHS = "$(inherited) @executable_path/Frameworks";
				PRODUCT_NAME = "$(TARGET_NAME)";
				PROVISIONING_PROFILE = "";
			};
			name = Debug;
		};
		89A2ABA11AABBEF80049ECF1 /* Release */ = {
			isa = XCBuildConfiguration;
			buildSettings = {
				ASSETCATALOG_COMPILER_APPICON_NAME = AppIcon;
				CODE_SIGN_IDENTITY = "iPhone Developer";
				"CODE_SIGN_IDENTITY[sdk=iphoneos*]" = "iPhone Developer";
				INFOPLIST_FILE = patronize/Info.plist;
				LD_RUNPATH_SEARCH_PATHS = "$(inherited) @executable_path/Frameworks";
				PRODUCT_NAME = "$(TARGET_NAME)";
				PROVISIONING_PROFILE = "";
			};
			name = Release;
		};
		89A2ABA31AABBEF80049ECF1 /* Debug */ = {
			isa = XCBuildConfiguration;
			buildSettings = {
				BUNDLE_LOADER = "$(TEST_HOST)";
				FRAMEWORK_SEARCH_PATHS = (
					"$(SDKROOT)/Developer/Library/Frameworks",
					"$(inherited)",
				);
				GCC_PREPROCESSOR_DEFINITIONS = (
					"DEBUG=1",
					"$(inherited)",
				);
				INFOPLIST_FILE = patronizeTests/Info.plist;
				LD_RUNPATH_SEARCH_PATHS = "$(inherited) @executable_path/Frameworks @loader_path/Frameworks";
				PRODUCT_NAME = "$(TARGET_NAME)";
				TEST_HOST = "$(BUILT_PRODUCTS_DIR)/patronize.app/patronize";
			};
			name = Debug;
		};
		89A2ABA41AABBEF80049ECF1 /* Release */ = {
			isa = XCBuildConfiguration;
			buildSettings = {
				BUNDLE_LOADER = "$(TEST_HOST)";
				FRAMEWORK_SEARCH_PATHS = (
					"$(SDKROOT)/Developer/Library/Frameworks",
					"$(inherited)",
				);
				INFOPLIST_FILE = patronizeTests/Info.plist;
				LD_RUNPATH_SEARCH_PATHS = "$(inherited) @executable_path/Frameworks @loader_path/Frameworks";
				PRODUCT_NAME = "$(TARGET_NAME)";
				TEST_HOST = "$(BUILT_PRODUCTS_DIR)/patronize.app/patronize";
			};
			name = Release;
		};
/* End XCBuildConfiguration section */

/* Begin XCConfigurationList section */
		89A2AB7B1AABBEF70049ECF1 /* Build configuration list for PBXProject "patronize" */ = {
			isa = XCConfigurationList;
			buildConfigurations = (
				89A2AB9D1AABBEF80049ECF1 /* Debug */,
				89A2AB9E1AABBEF80049ECF1 /* Release */,
			);
			defaultConfigurationIsVisible = 0;
			defaultConfigurationName = Release;
		};
		89A2AB9F1AABBEF80049ECF1 /* Build configuration list for PBXNativeTarget "patronize" */ = {
			isa = XCConfigurationList;
			buildConfigurations = (
				89A2ABA01AABBEF80049ECF1 /* Debug */,
				89A2ABA11AABBEF80049ECF1 /* Release */,
			);
			defaultConfigurationIsVisible = 0;
		};
		89A2ABA21AABBEF80049ECF1 /* Build configuration list for PBXNativeTarget "patronizeTests" */ = {
			isa = XCConfigurationList;
			buildConfigurations = (
				89A2ABA31AABBEF80049ECF1 /* Debug */,
				89A2ABA41AABBEF80049ECF1 /* Release */,
			);
			defaultConfigurationIsVisible = 0;
		};
/* End XCConfigurationList section */
	};
	rootObject = 89A2AB781AABBEF70049ECF1 /* Project object */;
}
